// !$*UTF8*$!
{
	archiveVersion = 1;
	classes = {
	};
	objectVersion = 46;
	objects = {

/* Begin PBXBuildFile section */
		D2257AA81D2CB633009A7CC0 /* main.m in Sources */ = {isa = PBXBuildFile; fileRef = D2257AA71D2CB633009A7CC0 /* main.m */; };
		D2257AAB1D2CB633009A7CC0 /* AppDelegate.m in Sources */ = {isa = PBXBuildFile; fileRef = D2257AAA1D2CB633009A7CC0 /* AppDelegate.m */; };
		D2257AAE1D2CB633009A7CC0 /* ViewController.m in Sources */ = {isa = PBXBuildFile; fileRef = D2257AAD1D2CB633009A7CC0 /* ViewController.m */; };
		D2257AB11D2CB633009A7CC0 /* Main.storyboard in Resources */ = {isa = PBXBuildFile; fileRef = D2257AAF1D2CB633009A7CC0 /* Main.storyboard */; };
		D2257AB31D2CB633009A7CC0 /* Assets.xcassets in Resources */ = {isa = PBXBuildFile; fileRef = D2257AB21D2CB633009A7CC0 /* Assets.xcassets */; };
		D2257AB61D2CB633009A7CC0 /* LaunchScreen.storyboard in Resources */ = {isa = PBXBuildFile; fileRef = D2257AB41D2CB633009A7CC0 /* LaunchScreen.storyboard */; };
		D2257AC01D2CB7E4009A7CC0 /* NSObject+Interceptor.m in Sources */ = {isa = PBXBuildFile; fileRef = D2257ABF1D2CB7E4009A7CC0 /* NSObject+Interceptor.m */; };
		D2257AC31D2CB804009A7CC0 /* HFInterceptHelper.m in Sources */ = {isa = PBXBuildFile; fileRef = D2257AC21D2CB804009A7CC0 /* HFInterceptHelper.m */; };
		D2257AC61D2CDB54009A7CC0 /* HFInterceptObj.m in Sources */ = {isa = PBXBuildFile; fileRef = D2257AC51D2CDB54009A7CC0 /* HFInterceptObj.m */; };
/* End PBXBuildFile section */

/* Begin PBXFileReference section */
		D2257AA31D2CB633009A7CC0 /* HFInterceptor.app */ = {isa = PBXFileReference; explicitFileType = wrapper.application; includeInIndex = 0; path = HFInterceptor.app; sourceTree = BUILT_PRODUCTS_DIR; };
		D2257AA71D2CB633009A7CC0 /* main.m */ = {isa = PBXFileReference; lastKnownFileType = sourcecode.c.objc; path = main.m; sourceTree = "<group>"; };
		D2257AA91D2CB633009A7CC0 /* AppDelegate.h */ = {isa = PBXFileReference; lastKnownFileType = sourcecode.c.h; path = AppDelegate.h; sourceTree = "<group>"; };
		D2257AAA1D2CB633009A7CC0 /* AppDelegate.m */ = {isa = PBXFileReference; lastKnownFileType = sourcecode.c.objc; path = AppDelegate.m; sourceTree = "<group>"; };
		D2257AAC1D2CB633009A7CC0 /* ViewController.h */ = {isa = PBXFileReference; lastKnownFileType = sourcecode.c.h; path = ViewController.h; sourceTree = "<group>"; };
		D2257AAD1D2CB633009A7CC0 /* ViewController.m */ = {isa = PBXFileReference; lastKnownFileType = sourcecode.c.objc; path = ViewController.m; sourceTree = "<group>"; };
		D2257AB01D2CB633009A7CC0 /* Base */ = {isa = PBXFileReference; lastKnownFileType = file.storyboard; name = Base; path = Base.lproj/Main.storyboard; sourceTree = "<group>"; };
		D2257AB21D2CB633009A7CC0 /* Assets.xcassets */ = {isa = PBXFileReference; lastKnownFileType = folder.assetcatalog; path = Assets.xcassets; sourceTree = "<group>"; };
		D2257AB51D2CB633009A7CC0 /* Base */ = {isa = PBXFileReference; lastKnownFileType = file.storyboard; name = Base; path = Base.lproj/LaunchScreen.storyboard; sourceTree = "<group>"; };
		D2257AB71D2CB633009A7CC0 /* Info.plist */ = {isa = PBXFileReference; lastKnownFileType = text.plist.xml; path = Info.plist; sourceTree = "<group>"; };
		D2257ABE1D2CB7E4009A7CC0 /* NSObject+Interceptor.h */ = {isa = PBXFileReference; fileEncoding = 4; lastKnownFileType = sourcecode.c.h; path = "NSObject+Interceptor.h"; sourceTree = "<group>"; };
		D2257ABF1D2CB7E4009A7CC0 /* NSObject+Interceptor.m */ = {isa = PBXFileReference; fileEncoding = 4; lastKnownFileType = sourcecode.c.objc; path = "NSObject+Interceptor.m"; sourceTree = "<group>"; };
		D2257AC11D2CB804009A7CC0 /* HFInterceptHelper.h */ = {isa = PBXFileReference; fileEncoding = 4; lastKnownFileType = sourcecode.c.h; path = HFInterceptHelper.h; sourceTree = "<group>"; };
		D2257AC21D2CB804009A7CC0 /* HFInterceptHelper.m */ = {isa = PBXFileReference; fileEncoding = 4; lastKnownFileType = sourcecode.c.objc; path = HFInterceptHelper.m; sourceTree = "<group>"; };
		D2257AC41D2CDB54009A7CC0 /* HFInterceptObj.h */ = {isa = PBXFileReference; fileEncoding = 4; lastKnownFileType = sourcecode.c.h; path = HFInterceptObj.h; sourceTree = "<group>"; };
		D2257AC51D2CDB54009A7CC0 /* HFInterceptObj.m */ = {isa = PBXFileReference; fileEncoding = 4; lastKnownFileType = sourcecode.c.objc; path = HFInterceptObj.m; sourceTree = "<group>"; };
/* End PBXFileReference section */

/* Begin PBXFrameworksBuildPhase section */
		D2257AA01D2CB633009A7CC0 /* Frameworks */ = {
			isa = PBXFrameworksBuildPhase;
			buildActionMask = 2147483647;
			files = (
			);
			runOnlyForDeploymentPostprocessing = 0;
		};
/* End PBXFrameworksBuildPhase section */

/* Begin PBXGroup section */
		D2257A9A1D2CB633009A7CC0 = {
			isa = PBXGroup;
			children = (
				D2257AA51D2CB633009A7CC0 /* HFInterceptor */,
				D2257AA41D2CB633009A7CC0 /* Products */,
			);
			sourceTree = "<group>";
		};
		D2257AA41D2CB633009A7CC0 /* Products */ = {
			isa = PBXGroup;
			children = (
				D2257AA31D2CB633009A7CC0 /* HFInterceptor.app */,
			);
			name = Products;
			sourceTree = "<group>";
		};
		D2257AA51D2CB633009A7CC0 /* HFInterceptor */ = {
			isa = PBXGroup;
			children = (
				D2257AC41D2CDB54009A7CC0 /* HFInterceptObj.h */,
				D2257AC51D2CDB54009A7CC0 /* HFInterceptObj.m */,
				D2257AC11D2CB804009A7CC0 /* HFInterceptHelper.h */,
				D2257AC21D2CB804009A7CC0 /* HFInterceptHelper.m */,
				D2257ABE1D2CB7E4009A7CC0 /* NSObject+Interceptor.h */,
				D2257ABF1D2CB7E4009A7CC0 /* NSObject+Interceptor.m */,
				D2257AA91D2CB633009A7CC0 /* AppDelegate.h */,
				D2257AAA1D2CB633009A7CC0 /* AppDelegate.m */,
				D2257AAC1D2CB633009A7CC0 /* ViewController.h */,
				D2257AAD1D2CB633009A7CC0 /* ViewController.m */,
				D2257AAF1D2CB633009A7CC0 /* Main.storyboard */,
				D2257AB21D2CB633009A7CC0 /* Assets.xcassets */,
				D2257AB41D2CB633009A7CC0 /* LaunchScreen.storyboard */,
				D2257AB71D2CB633009A7CC0 /* Info.plist */,
				D2257AA61D2CB633009A7CC0 /* Supporting Files */,
			);
			path = HFInterceptor;
			sourceTree = "<group>";
		};
		D2257AA61D2CB633009A7CC0 /* Supporting Files */ = {
			isa = PBXGroup;
			children = (
				D2257AA71D2CB633009A7CC0 /* main.m */,
			);
			name = "Supporting Files";
			sourceTree = "<group>";
		};
/* End PBXGroup section */

/* Begin PBXNativeTarget section */
		D2257AA21D2CB633009A7CC0 /* HFInterceptor */ = {
			isa = PBXNativeTarget;
			buildConfigurationList = D2257ABA1D2CB633009A7CC0 /* Build configuration list for PBXNativeTarget "HFInterceptor" */;
			buildPhases = (
				D2257A9F1D2CB633009A7CC0 /* Sources */,
				D2257AA01D2CB633009A7CC0 /* Frameworks */,
				D2257AA11D2CB633009A7CC0 /* Resources */,
			);
			buildRules = (
			);
			dependencies = (
			);
			name = HFInterceptor;
			productName = HFInterceptor;
			productReference = D2257AA31D2CB633009A7CC0 /* HFInterceptor.app */;
			productType = "com.apple.product-type.application";
		};
/* End PBXNativeTarget section */

/* Begin PBXProject section */
		D2257A9B1D2CB633009A7CC0 /* Project object */ = {
			isa = PBXProject;
			attributes = {
				LastUpgradeCheck = 0730;
				ORGANIZATIONNAME = crazylhf;
				TargetAttributes = {
					D2257AA21D2CB633009A7CC0 = {
						CreatedOnToolsVersion = 7.3.1;
					};
				};
			};
			buildConfigurationList = D2257A9E1D2CB633009A7CC0 /* Build configuration list for PBXProject "HFInterceptor" */;
			compatibilityVersion = "Xcode 3.2";
			developmentRegion = English;
			hasScannedForEncodings = 0;
			knownRegions = (
				en,
				Base,
			);
			mainGroup = D2257A9A1D2CB633009A7CC0;
			productRefGroup = D2257AA41D2CB633009A7CC0 /* Products */;
			projectDirPath = "";
			projectRoot = "";
			targets = (
				D2257AA21D2CB633009A7CC0 /* HFInterceptor */,
			);
		};
/* End PBXProject section */

/* Begin PBXResourcesBuildPhase section */
		D2257AA11D2CB633009A7CC0 /* Resources */ = {
			isa = PBXResourcesBuildPhase;
			buildActionMask = 2147483647;
			files = (
				D2257AB61D2CB633009A7CC0 /* LaunchScreen.storyboard in Resources */,
				D2257AB31D2CB633009A7CC0 /* Assets.xcassets in Resources */,
				D2257AB11D2CB633009A7CC0 /* Main.storyboard in Resources */,
			);
			runOnlyForDeploymentPostprocessing = 0;
		};
/* End PBXResourcesBuildPhase section */

/* Begin PBXSourcesBuildPhase section */
		D2257A9F1D2CB633009A7CC0 /* Sources */ = {
			isa = PBXSourcesBuildPhase;
			buildActionMask = 2147483647;
			files = (
				D2257AC61D2CDB54009A7CC0 /* HFInterceptObj.m in Sources */,
				D2257AC31D2CB804009A7CC0 /* HFInterceptHelper.m in Sources */,
				D2257AAE1D2CB633009A7CC0 /* ViewController.m in Sources */,
				D2257AAB1D2CB633009A7CC0 /* AppDelegate.m in Sources */,
				D2257AA81D2CB633009A7CC0 /* main.m in Sources */,
				D2257AC01D2CB7E4009A7CC0 /* NSObject+Interceptor.m in Sources */,
			);
			runOnlyForDeploymentPostprocessing = 0;
		};
/* End PBXSourcesBuildPhase section */

/* Begin PBXVariantGroup section */
		D2257AAF1D2CB633009A7CC0 /* Main.storyboard */ = {
			isa = PBXVariantGroup;
			children = (
				D2257AB01D2CB633009A7CC0 /* Base */,
			);
			name = Main.storyboard;
			sourceTree = "<group>";
		};
		D2257AB41D2CB633009A7CC0 /* LaunchScreen.storyboard */ = {
			isa = PBXVariantGroup;
			children = (
				D2257AB51D2CB633009A7CC0 /* Base */,
			);
			name = LaunchScreen.storyboard;
			sourceTree = "<group>";
		};
/* End PBXVariantGroup section */

/* Begin XCBuildConfiguration section */
		D2257AB81D2CB633009A7CC0 /* Debug */ = {
			isa = XCBuildConfiguration;
			buildSettings = {
				ALWAYS_SEARCH_USER_PATHS = NO;
				CLANG_ANALYZER_NONNULL = YES;
				CLANG_CXX_LANGUAGE_STANDARD = "gnu++0x";
				CLANG_CXX_LIBRARY = "libc++";
				CLANG_ENABLE_MODULES = YES;
				CLANG_ENABLE_OBJC_ARC = YES;
				CLANG_WARN_BOOL_CONVERSION = YES;
				CLANG_WARN_CONSTANT_CONVERSION = YES;
				CLANG_WARN_DIRECT_OBJC_ISA_USAGE = YES_ERROR;
				CLANG_WARN_EMPTY_BODY = YES;
				CLANG_WARN_ENUM_CONVERSION = YES;
				CLANG_WARN_INT_CONVERSION = YES;
				CLANG_WARN_OBJC_ROOT_CLASS = YES_ERROR;
				CLANG_WARN_UNREACHABLE_CODE = YES;
				CLANG_WARN__DUPLICATE_METHOD_MATCH = YES;
				"CODE_SIGN_IDENTITY[sdk=iphoneos*]" = "iPhone Developer";
				COPY_PHASE_STRIP = NO;
				DEBUG_INFORMATION_FORMAT = dwarf;
				ENABLE_STRICT_OBJC_MSGSEND = YES;
				ENABLE_TESTABILITY = YES;
				GCC_C_LANGUAGE_STANDARD = gnu99;
				GCC_DYNAMIC_NO_PIC = NO;
				GCC_NO_COMMON_BLOCKS = YES;
				GCC_OPTIMIZATION_LEVEL = 0;
				GCC_PREPROCESSOR_DEFINITIONS = (
					"DEBUG=1",
					"$(inherited)",
				);
				GCC_WARN_64_TO_32_BIT_CONVERSION = YES;
				GCC_WARN_ABOUT_RETURN_TYPE = YES_ERROR;
				GCC_WARN_UNDECLARED_SELECTOR = YES;
				GCC_WARN_UNINITIALIZED_AUTOS = YES_AGGRESSIVE;
				GCC_WARN_UNUSED_FUNCTION = YES;
				GCC_WARN_UNUSED_VARIABLE = YES;
				IPHONEOS_DEPLOYMENT_TARGET = 9.3;
				MTL_ENABLE_DEBUG_INFO = YES;
				ONLY_ACTIVE_ARCH = YES;
				SDKROOT = iphoneos;
			};
			name = Debug;
		};
		D2257AB91D2CB633009A7CC0 /* Release */ = {
			isa = XCBuildConfiguration;
			buildSettings = {
				ALWAYS_SEARCH_USER_PATHS = NO;
				CLANG_ANALYZER_NONNULL = YES;
				CLANG_CXX_LANGUAGE_STANDARD = "gnu++0x";
				CLANG_CXX_LIBRARY = "libc++";
				CLANG_ENABLE_MODULES = YES;
				CLANG_ENABLE_OBJC_ARC = YES;
				CLANG_WARN_BOOL_CONVERSION = YES;
				CLANG_WARN_CONSTANT_CONVERSION = YES;
				CLANG_WARN_DIRECT_OBJC_ISA_USAGE = YES_ERROR;
				CLANG_WARN_EMPTY_BODY = YES;
				CLANG_WARN_ENUM_CONVERSION = YES;
				CLANG_WARN_INT_CONVERSION = YES;
				CLANG_WARN_OBJC_ROOT_CLASS = YES_ERROR;
				CLANG_WARN_UNREACHABLE_CODE = YES;
				CLANG_WARN__DUPLICATE_METHOD_MATCH = YES;
				"CODE_SIGN_IDENTITY[sdk=iphoneos*]" = "iPhone Developer";
				COPY_PHASE_STRIP = NO;
				DEBUG_INFORMATION_FORMAT = "dwarf-with-dsym";
				ENABLE_NS_ASSERTIONS = NO;
				ENABLE_STRICT_OBJC_MSGSEND = YES;
				GCC_C_LANGUAGE_STANDARD = gnu99;
				GCC_NO_COMMON_BLOCKS = YES;
				GCC_WARN_64_TO_32_BIT_CONVERSION = YES;
				GCC_WARN_ABOUT_RETURN_TYPE = YES_ERROR;
				GCC_WARN_UNDECLARED_SELECTOR = YES;
				GCC_WARN_UNINITIALIZED_AUTOS = YES_AGGRESSIVE;
				GCC_WARN_UNUSED_FUNCTION = YES;
				GCC_WARN_UNUSED_VARIABLE = YES;
				IPHONEOS_DEPLOYMENT_TARGET = 9.3;
				MTL_ENABLE_DEBUG_INFO = NO;
				SDKROOT = iphoneos;
				VALIDATE_PRODUCT = YES;
			};
			name = Release;
		};
		D2257ABB1D2CB633009A7CC0 /* Debug */ = {
			isa = XCBuildConfiguration;
			buildSettings = {
				ASSETCATALOG_COMPILER_APPICON_NAME = AppIcon;
				INFOPLIST_FILE = HFInterceptor/Info.plist;
				IPHONEOS_DEPLOYMENT_TARGET = 8.0;
				LD_RUNPATH_SEARCH_PATHS = "$(inherited) @executable_path/Frameworks";
				PRODUCT_BUNDLE_IDENTIFIER = com.crazylhf.enterprise.HFInterceptor;
				PRODUCT_NAME = "$(TARGET_NAME)";
			};
			name = Debug;
		};
		D2257ABC1D2CB633009A7CC0 /* Release */ = {
			isa = XCBuildConfiguration;
			buildSettings = {
				ASSETCATALOG_COMPILER_APPICON_NAME = AppIcon;
				INFOPLIST_FILE = HFInterceptor/Info.plist;
				IPHONEOS_DEPLOYMENT_TARGET = 8.0;
				LD_RUNPATH_SEARCH_PATHS = "$(inherited) @executable_path/Frameworks";
				PRODUCT_BUNDLE_IDENTIFIER = com.crazylhf.enterprise.HFInterceptor;
				PRODUCT_NAME = "$(TARGET_NAME)";
			};
			name = Release;
		};
/* End XCBuildConfiguration section */

/* Begin XCConfigurationList section */
		D2257A9E1D2CB633009A7CC0 /* Build configuration list for PBXProject "HFInterceptor" */ = {
			isa = XCConfigurationList;
			buildConfigurations = (
				D2257AB81D2CB633009A7CC0 /* Debug */,
				D2257AB91D2CB633009A7CC0 /* Release */,
			);
			defaultConfigurationIsVisible = 0;
			defaultConfigurationName = Release;
		};
		D2257ABA1D2CB633009A7CC0 /* Build configuration list for PBXNativeTarget "HFInterceptor" */ = {
			isa = XCConfigurationList;
			buildConfigurations = (
				D2257ABB1D2CB633009A7CC0 /* Debug */,
				D2257ABC1D2CB633009A7CC0 /* Release */,
			);
			defaultConfigurationIsVisible = 0;
			defaultConfigurationName = Release;
		};
/* End XCConfigurationList section */
	};
	rootObject = D2257A9B1D2CB633009A7CC0 /* Project object */;
}
